
Microsoft Visual Studio Solution File, Format Version 12.00
# Visual Studio Version 17
VisualStudioVersion = 17.13.35825.156
MinimumVisualStudioVersion = 10.0.40219.1
Project("{2150E333-8FDC-42A3-9474-1A3956D46DE8}") = "UI", "UI", "{02EA681E-C7D8-13C7-8484-4AC65E1B71E8}"
EndProject
Project("{2150E333-8FDC-42A3-9474-1A3956D46DE8}") = "API", "API", "{9430692B-0B14-49F0-84F0-D339EB9263DA}"
EndProject
Project("{2150E333-8FDC-42A3-9474-1A3956D46DE8}") = "src", "src", "{5375BDBC-3BCC-4F87-8AD7-7E6A72281BDB}"
EndProject
Project("{FAE04EC0-301F-11D3-BF4B-00C04F79EFBC}") = "ePizza.UI", "ePizza.UI\ePizza.UI.csproj", "{3F6F2C55-41E1-44BE-A73E-8E71EB1A2581}"
EndProject
Project("{FAE04EC0-301F-11D3-BF4B-00C04F79EFBC}") = "ePizza.API", "ePizza.API\ePizza.API.csproj", "{77951581-3E2B-457F-BCE1-72B277F1BC42}"
EndProject
Project("{FAE04EC0-301F-11D3-BF4B-00C04F79EFBC}") = "Infrastructure", "Infrastructure\Infrastructure.csproj", "{DCA66DE1-054A-4539-A9F5-6153B58714E3}"
EndProject
Project("{FAE04EC0-301F-11D3-BF4B-00C04F79EFBC}") = "Models", "Models\Models.csproj", "{2D0DFF1B-52C4-48C0-9F5D-35A4E4E22270}"
EndProject
Project("{2150E333-8FDC-42A3-9474-1A3956D46DE8}") = "Model", "Model", "{21768489-9FEE-44E1-A55E-51A7C3AD4639}"
EndProject
Project("{2150E333-8FDC-42A3-9474-1A3956D46DE8}") = "Database", "Database", "{4EA5CD8A-60A3-4A0F-8329-DEF15371FEBF}"
EndProject
Project("{2150E333-8FDC-42A3-9474-1A3956D46DE8}") = "Core", "Core", "{C4F38245-DEC7-4104-B43F-3F461D020E90}"
EndProject
Project("{FAE04EC0-301F-11D3-BF4B-00C04F79EFBC}") = "Core.Interface", "Core.Interface\Core.Interface.csproj", "{02590C21-054A-4B39-B494-7D852EE537CE}"
EndProject
Project("{FAE04EC0-301F-11D3-BF4B-00C04F79EFBC}") = "Core.Concrete", "Core.Concrete\Core.Concrete.csproj", "{6AB078DE-C7D7-4F2D-BF23-36A4F846B9BF}"
EndProject
Global
	GlobalSection(SolutionConfigurationPlatforms) = preSolution
		Debug|Any CPU = Debug|Any CPU
		Release|Any CPU = Release|Any CPU
	EndGlobalSection
	GlobalSection(ProjectConfigurationPlatforms) = postSolution
		{3F6F2C55-41E1-44BE-A73E-8E71EB1A2581}.Debug|Any CPU.ActiveCfg = Debug|Any CPU
		{3F6F2C55-41E1-44BE-A73E-8E71EB1A2581}.Debug|Any CPU.Build.0 = Debug|Any CPU
		{3F6F2C55-41E1-44BE-A73E-8E71EB1A2581}.Release|Any CPU.ActiveCfg = Release|Any CPU
		{3F6F2C55-41E1-44BE-A73E-8E71EB1A2581}.Release|Any CPU.Build.0 = Release|Any CPU
		{77951581-3E2B-457F-BCE1-72B277F1BC42}.Debug|Any CPU.ActiveCfg = Debug|Any CPU
		{77951581-3E2B-457F-BCE1-72B277F1BC42}.Debug|Any CPU.Build.0 = Debug|Any CPU
		{77951581-3E2B-457F-BCE1-72B277F1BC42}.Release|Any CPU.ActiveCfg = Release|Any CPU
		{77951581-3E2B-457F-BCE1-72B277F1BC42}.Release|Any CPU.Build.0 = Release|Any CPU
		{DCA66DE1-054A-4539-A9F5-6153B58714E3}.Debug|Any CPU.ActiveCfg = Debug|Any CPU
		{DCA66DE1-054A-4539-A9F5-6153B58714E3}.Debug|Any CPU.Build.0 = Debug|Any CPU
		{DCA66DE1-054A-4539-A9F5-6153B58714E3}.Release|Any CPU.ActiveCfg = Release|Any CPU
		{DCA66DE1-054A-4539-A9F5-6153B58714E3}.Release|Any CPU.Build.0 = Release|Any CPU
		{2D0DFF1B-52C4-48C0-9F5D-35A4E4E22270}.Debug|Any CPU.ActiveCfg = Debug|Any CPU
		{2D0DFF1B-52C4-48C0-9F5D-35A4E4E22270}.Debug|Any CPU.Build.0 = Debug|Any CPU
		{2D0DFF1B-52C4-48C0-9F5D-35A4E4E22270}.Release|Any CPU.ActiveCfg = Release|Any CPU
		{2D0DFF1B-52C4-48C0-9F5D-35A4E4E22270}.Release|Any CPU.Build.0 = Release|Any CPU
		{02590C21-054A-4B39-B494-7D852EE537CE}.Debug|Any CPU.ActiveCfg = Debug|Any CPU
		{02590C21-054A-4B39-B494-7D852EE537CE}.Debug|Any CPU.Build.0 = Debug|Any CPU
		{02590C21-054A-4B39-B494-7D852EE537CE}.Release|Any CPU.ActiveCfg = Release|Any CPU
		{02590C21-054A-4B39-B494-7D852EE537CE}.Release|Any CPU.Build.0 = Release|Any CPU
		{6AB078DE-C7D7-4F2D-BF23-36A4F846B9BF}.Debug|Any CPU.ActiveCfg = Debug|Any CPU
		{6AB078DE-C7D7-4F2D-BF23-36A4F846B9BF}.Debug|Any CPU.Build.0 = Debug|Any CPU
		{6AB078DE-C7D7-4F2D-BF23-36A4F846B9BF}.Release|Any CPU.ActiveCfg = Release|Any CPU
		{6AB078DE-C7D7-4F2D-BF23-36A4F846B9BF}.Release|Any CPU.Build.0 = Release|Any CPU
	EndGlobalSection
	GlobalSection(SolutionProperties) = preSolution
		HideSolutionNode = FALSE
	EndGlobalSection
	GlobalSection(NestedProjects) = preSolution
		{02EA681E-C7D8-13C7-8484-4AC65E1B71E8} = {5375BDBC-3BCC-4F87-8AD7-7E6A72281BDB}
		{9430692B-0B14-49F0-84F0-D339EB9263DA} = {5375BDBC-3BCC-4F87-8AD7-7E6A72281BDB}
		{3F6F2C55-41E1-44BE-A73E-8E71EB1A2581} = {02EA681E-C7D8-13C7-8484-4AC65E1B71E8}
		{77951581-3E2B-457F-BCE1-72B277F1BC42} = {9430692B-0B14-49F0-84F0-D339EB9263DA}
		{DCA66DE1-054A-4539-A9F5-6153B58714E3} = {4EA5CD8A-60A3-4A0F-8329-DEF15371FEBF}
		{2D0DFF1B-52C4-48C0-9F5D-35A4E4E22270} = {21768489-9FEE-44E1-A55E-51A7C3AD4639}
		{21768489-9FEE-44E1-A55E-51A7C3AD4639} = {9430692B-0B14-49F0-84F0-D339EB9263DA}
		{4EA5CD8A-60A3-4A0F-8329-DEF15371FEBF} = {9430692B-0B14-49F0-84F0-D339EB9263DA}
		{C4F38245-DEC7-4104-B43F-3F461D020E90} = {9430692B-0B14-49F0-84F0-D339EB9263DA}
		{02590C21-054A-4B39-B494-7D852EE537CE} = {C4F38245-DEC7-4104-B43F-3F461D020E90}
		{6AB078DE-C7D7-4F2D-BF23-36A4F846B9BF} = {C4F38245-DEC7-4104-B43F-3F461D020E90}
	EndGlobalSection
	GlobalSection(ExtensibilityGlobals) = postSolution
		SolutionGuid = {BB27CAE2-3516-404F-9B37-FF9C2BCA5EDB}
	EndGlobalSection
EndGlobal
